Microsoft Visual Studio Solution File, Format Version 12.00
# Visual Studio 2012
Project("{FAE04EC0-301F-11D3-BF4B-00C04F79EFBC}") = "CGJ24", "CGJ24.csproj", "{E4605C7F-61A3-449A-AE89-E8246E958BAD}"
EndProject
Global
	GlobalSection(SolutionConfigurationPlatforms) = preSolution
	Debug|Any CPU = Debug|Any CPU
	ExportDebug|Any CPU = ExportDebug|Any CPU
	ExportRelease|Any CPU = ExportRelease|Any CPU
	EndGlobalSection
	GlobalSection(ProjectConfigurationPlatforms) = postSolution
		{E4605C7F-61A3-449A-AE89-E8246E958BAD}.Debug|Any CPU.ActiveCfg = Debug|Any CPU
		{E4605C7F-61A3-449A-AE89-E8246E958BAD}.Debug|Any CPU.Build.0 = Debug|Any CPU
		{E4605C7F-61A3-449A-AE89-E8246E958BAD}.ExportDebug|Any CPU.ActiveCfg = ExportDebug|Any CPU
		{E4605C7F-61A3-449A-AE89-E8246E958BAD}.ExportDebug|Any CPU.Build.0 = ExportDebug|Any CPU
		{E4605C7F-61A3-449A-AE89-E8246E958BAD}.ExportRelease|Any CPU.ActiveCfg = ExportRelease|Any CPU
		{E4605C7F-61A3-449A-AE89-E8246E958BAD}.ExportRelease|Any CPU.Build.0 = ExportRelease|Any CPU
	EndGlobalSection
EndGlobal
